
Microsoft Visual Studio Solution File, Format Version 12.00
# Visual Studio Version 16
VisualStudioVersion = 16.0.31105.61
MinimumVisualStudioVersion = 10.0.40219.1
Project("{9A19103F-16F7-4668-BE54-9A1E7A4F7556}") = "Entities", "Entities\Entities.csproj", "{DDEAD456-C2DC-4A3C-8C52-E7FD8C8D7573}"
EndProject
Project("{9A19103F-16F7-4668-BE54-9A1E7A4F7556}") = "DataAccess", "DataAccess\DataAccess.csproj", "{9498693C-E940-4A06-86C5-9F8DF8E332F2}"
EndProject
Project("{9A19103F-16F7-4668-BE54-9A1E7A4F7556}") = "Business", "Business\Business.csproj", "{28DC1EC0-8C4B-4A72-8C95-E8C90244A988}"
EndProject
Project("{9A19103F-16F7-4668-BE54-9A1E7A4F7556}") = "ConsoleUI", "Console\ConsoleUI.csproj", "{8619B1E6-75B3-4E5E-A782-40478B9583EE}"
EndProject
Project("{9A19103F-16F7-4668-BE54-9A1E7A4F7556}") = "Core", "Core\Core.csproj", "{B0658957-4414-45A7-B140-2D6DEAC2212D}"
EndProject
Project("{9A19103F-16F7-4668-BE54-9A1E7A4F7556}") = "WebAPI", "WebAPI\WebAPI.csproj", "{08733F6A-1D5A-4DFB-976B-DAF4B9C8ED34}"
EndProject
Global
	GlobalSection(SolutionConfigurationPlatforms) = preSolution
		Debug|Any CPU = Debug|Any CPU
		Debug|x64 = Debug|x64
		Debug|x86 = Debug|x86
		Release|Any CPU = Release|Any CPU
		Release|x64 = Release|x64
		Release|x86 = Release|x86
	EndGlobalSection
	GlobalSection(ProjectConfigurationPlatforms) = postSolution
		{DDEAD456-C2DC-4A3C-8C52-E7FD8C8D7573}.Debug|Any CPU.ActiveCfg = Debug|Any CPU
		{DDEAD456-C2DC-4A3C-8C52-E7FD8C8D7573}.Debug|Any CPU.Build.0 = Debug|Any CPU
		{DDEAD456-C2DC-4A3C-8C52-E7FD8C8D7573}.Debug|x64.ActiveCfg = Debug|Any CPU
		{DDEAD456-C2DC-4A3C-8C52-E7FD8C8D7573}.Debug|x64.Build.0 = Debug|Any CPU
		{DDEAD456-C2DC-4A3C-8C52-E7FD8C8D7573}.Debug|x86.ActiveCfg = Debug|Any CPU
		{DDEAD456-C2DC-4A3C-8C52-E7FD8C8D7573}.Debug|x86.Build.0 = Debug|Any CPU
		{DDEAD456-C2DC-4A3C-8C52-E7FD8C8D7573}.Release|Any CPU.ActiveCfg = Release|Any CPU
		{DDEAD456-C2DC-4A3C-8C52-E7FD8C8D7573}.Release|Any CPU.Build.0 = Release|Any CPU
		{DDEAD456-C2DC-4A3C-8C52-E7FD8C8D7573}.Release|x64.ActiveCfg = Release|Any CPU
		{DDEAD456-C2DC-4A3C-8C52-E7FD8C8D7573}.Release|x64.Build.0 = Release|Any CPU
		{DDEAD456-C2DC-4A3C-8C52-E7FD8C8D7573}.Release|x86.ActiveCfg = Release|Any CPU
		{DDEAD456-C2DC-4A3C-8C52-E7FD8C8D7573}.Release|x86.Build.0 = Release|Any CPU
		{9498693C-E940-4A06-86C5-9F8DF8E332F2}.Debug|Any CPU.ActiveCfg = Debug|Any CPU
		{9498693C-E940-4A06-86C5-9F8DF8E332F2}.Debug|Any CPU.Build.0 = Debug|Any CPU
		{9498693C-E940-4A06-86C5-9F8DF8E332F2}.Debug|x64.ActiveCfg = Debug|Any CPU
		{9498693C-E940-4A06-86C5-9F8DF8E332F2}.Debug|x64.Build.0 = Debug|Any CPU
		{9498693C-E940-4A06-86C5-9F8DF8E332F2}.Debug|x86.ActiveCfg = Debug|Any CPU
		{9498693C-E940-4A06-86C5-9F8DF8E332F2}.Debug|x86.Build.0 = Debug|Any CPU
		{9498693C-E940-4A06-86C5-9F8DF8E332F2}.Release|Any CPU.ActiveCfg = Release|Any CPU
		{9498693C-E940-4A06-86C5-9F8DF8E332F2}.Release|Any CPU.Build.0 = Release|Any CPU
		{9498693C-E940-4A06-86C5-9F8DF8E332F2}.Release|x64.ActiveCfg = Release|Any CPU
		{9498693C-E940-4A06-86C5-9F8DF8E332F2}.Release|x64.Build.0 = Release|Any CPU
		{9498693C-E940-4A06-86C5-9F8DF8E332F2}.Release|x86.ActiveCfg = Release|Any CPU
		{9498693C-E940-4A06-86C5-9F8DF8E332F2}.Release|x86.Build.0 = Release|Any CPU
		{28DC1EC0-8C4B-4A72-8C95-E8C90244A988}.Debug|Any CPU.ActiveCfg = Debug|Any CPU
		{28DC1EC0-8C4B-4A72-8C95-E8C90244A988}.Debug|Any CPU.Build.0 = Debug|Any CPU
		{28DC1EC0-8C4B-4A72-8C95-E8C90244A988}.Debug|x64.ActiveCfg = Debug|Any CPU
		{28DC1EC0-8C4B-4A72-8C95-E8C90244A988}.Debug|x64.Build.0 = Debug|Any CPU
		{28DC1EC0-8C4B-4A72-8C95-E8C90244A988}.Debug|x86.ActiveCfg = Debug|Any CPU
		{28DC1EC0-8C4B-4A72-8C95-E8C90244A988}.Debug|x86.Build.0 = Debug|Any CPU
		{28DC1EC0-8C4B-4A72-8C95-E8C90244A988}.Release|Any CPU.ActiveCfg = Release|Any CPU
		{28DC1EC0-8C4B-4A72-8C95-E8C90244A988}.Release|Any CPU.Build.0 = Release|Any CPU
		{28DC1EC0-8C4B-4A72-8C95-E8C90244A988}.Release|x64.ActiveCfg = Release|Any CPU
		{28DC1EC0-8C4B-4A72-8C95-E8C90244A988}.Release|x64.Build.0 = Release|Any CPU
		{28DC1EC0-8C4B-4A72-8C95-E8C90244A988}.Release|x86.ActiveCfg = Release|Any CPU
		{28DC1EC0-8C4B-4A72-8C95-E8C90244A988}.Release|x86.Build.0 = Release|Any CPU
		{8619B1E6-75B3-4E5E-A782-40478B9583EE}.Debug|Any CPU.ActiveCfg = Debug|Any CPU
		{8619B1E6-75B3-4E5E-A782-40478B9583EE}.Debug|Any CPU.Build.0 = Debug|Any CPU
		{8619B1E6-75B3-4E5E-A782-40478B9583EE}.Debug|x64.ActiveCfg = Debug|Any CPU
		{8619B1E6-75B3-4E5E-A782-40478B9583EE}.Debug|x64.Build.0 = Debug|Any CPU
		{8619B1E6-75B3-4E5E-A782-40478B9583EE}.Debug|x86.ActiveCfg = Debug|Any CPU
		{8619B1E6-75B3-4E5E-A782-40478B9583EE}.Debug|x86.Build.0 = Debug|Any CPU
		{8619B1E6-75B3-4E5E-A782-40478B9583EE}.Release|Any CPU.ActiveCfg = Release|Any CPU
		{8619B1E6-75B3-4E5E-A782-40478B9583EE}.Release|Any CPU.Build.0 = Release|Any CPU
		{8619B1E6-75B3-4E5E-A782-40478B9583EE}.Release|x64.ActiveCfg = Release|Any CPU
		{8619B1E6-75B3-4E5E-A782-40478B9583EE}.Release|x64.Build.0 = Release|Any CPU
		{8619B1E6-75B3-4E5E-A782-40478B9583EE}.Release|x86.ActiveCfg = Release|Any CPU
		{8619B1E6-75B3-4E5E-A782-40478B9583EE}.Release|x86.Build.0 = Release|Any CPU
		{B0658957-4414-45A7-B140-2D6DEAC2212D}.Debug|Any CPU.ActiveCfg = Debug|Any CPU
		{B0658957-4414-45A7-B140-2D6DEAC2212D}.Debug|Any CPU.Build.0 = Debug|Any CPU
		{B0658957-4414-45A7-B140-2D6DEAC2212D}.Debug|x64.ActiveCfg = Debug|Any CPU
		{B0658957-4414-45A7-B140-2D6DEAC2212D}.Debug|x64.Build.0 = Debug|Any CPU
		{B0658957-4414-45A7-B140-2D6DEAC2212D}.Debug|x86.ActiveCfg = Debug|Any CPU
		{B0658957-4414-45A7-B140-2D6DEAC2212D}.Debug|x86.Build.0 = Debug|Any CPU
		{B0658957-4414-45A7-B140-2D6DEAC2212D}.Release|Any CPU.ActiveCfg = Release|Any CPU
		{B0658957-4414-45A7-B140-2D6DEAC2212D}.Release|Any CPU.Build.0 = Release|Any CPU
		{B0658957-4414-45A7-B140-2D6DEAC2212D}.Release|x64.ActiveCfg = Release|Any CPU
		{B0658957-4414-45A7-B140-2D6DEAC2212D}.Release|x64.Build.0 = Release|Any CPU
		{B0658957-4414-45A7-B140-2D6DEAC2212D}.Release|x86.ActiveCfg = Release|Any CPU
		{B0658957-4414-45A7-B140-2D6DEAC2212D}.Release|x86.Build.0 = Release|Any CPU
		{08733F6A-1D5A-4DFB-976B-DAF4B9C8ED34}.Debug|Any CPU.ActiveCfg = Debug|Any CPU
		{08733F6A-1D5A-4DFB-976B-DAF4B9C8ED34}.Debug|Any CPU.Build.0 = Debug|Any CPU
		{08733F6A-1D5A-4DFB-976B-DAF4B9C8ED34}.Debug|x64.ActiveCfg = Debug|Any CPU
		{08733F6A-1D5A-4DFB-976B-DAF4B9C8ED34}.Debug|x64.Build.0 = Debug|Any CPU
		{08733F6A-1D5A-4DFB-976B-DAF4B9C8ED34}.Debug|x86.ActiveCfg = Debug|Any CPU
		{08733F6A-1D5A-4DFB-976B-DAF4B9C8ED34}.Debug|x86.Build.0 = Debug|Any CPU
		{08733F6A-1D5A-4DFB-976B-DAF4B9C8ED34}.Release|Any CPU.ActiveCfg = Release|Any CPU
		{08733F6A-1D5A-4DFB-976B-DAF4B9C8ED34}.Release|Any CPU.Build.0 = Release|Any CPU
		{08733F6A-1D5A-4DFB-976B-DAF4B9C8ED34}.Release|x64.ActiveCfg = Release|Any CPU
		{08733F6A-1D5A-4DFB-976B-DAF4B9C8ED34}.Release|x64.Build.0 = Release|Any CPU
		{08733F6A-1D5A-4DFB-976B-DAF4B9C8ED34}.Release|x86.ActiveCfg = Release|Any CPU
		{08733F6A-1D5A-4DFB-976B-DAF4B9C8ED34}.Release|x86.Build.0 = Release|Any CPU
	EndGlobalSection
	GlobalSection(SolutionProperties) = preSolution
		HideSolutionNode = FALSE
	EndGlobalSection
	GlobalSection(ExtensibilityGlobals) = postSolution
		SolutionGuid = {FC4FA7F3-8E33-4D4D-B2D5-D45433CC4DE4}
	EndGlobalSection
EndGlobal
